
Microsoft Visual Studio Solution File, Format Version 12.00
# Visual Studio Express 2012 for Windows Desktop
Project("{8BC9CEB8-8B4A-11D0-8D11-00A0C91BC942}") = "IEC61850.get", "IEC61850.get\IEC61850.get.vcxproj", "{01B3921D-C9D1-4080-BA2C-320021EECD88}"
EndProject
Global
	GlobalSection(SolutionConfigurationPlatforms) = preSolution
		Debug|Win32 = Debug|Win32
		Release|Win32 = Release|Win32
	EndGlobalSection
	GlobalSection(ProjectConfigurationPlatforms) = postSolution
		{01B3921D-C9D1-4080-BA2C-320021EECD88}.Debug|Win32.ActiveCfg = Debug|Win32
		{01B3921D-C9D1-4080-BA2C-320021EECD88}.Debug|Win32.Build.0 = Debug|Win32
		{01B3921D-C9D1-4080-BA2C-320021EECD88}.Release|Win32.ActiveCfg = Release|Win32
		{01B3921D-C9D1-4080-BA2C-320021EECD88}.Release|Win32.Build.0 = Release|Win32
	EndGlobalSection
	GlobalSection(SolutionProperties) = preSolution
		HideSolutionNode = FALSE
	EndGlobalSection
EndGlobal
